<?xml version="1.0" encoding="utf-8"?>
<Project ToolsVersion="4.0" xmlns="http://schemas.microsoft.com/developer/msbuild/2003">
  <ItemGroup>
    <Filter Include="Src">
      <UniqueIdentifier>{1fa22b8d-345a-4b14-a242-3b2449bae6b3}</UniqueIdentifier>
    </Filter>
    <Filter Include="Resources">
      <UniqueIdentifier>{4bcaf399-97c1-424d-a1b4-b2df874677a2}</UniqueIdentifier>
    </Filter>
    <Filter Include="Data">
      <UniqueIdentifier>{72975035-8792-41e9-9bd9-2c730cbc8b6f}</UniqueIdentifier>
    </Filter>
  </ItemGroup>
  <ItemGroup>
    <ClCompile Include="..\..\Src\Main.cpp">
      <Filter>Src</Filter>
    </ClCompile>
    <ClInclude Include="..\..\Src\NumericUpDown.h">
      <Filter>Src</Filter>
    </ClInclude>
    <ClCompile Include="..\..\Src\NumericUpDown.xaml.cpp">
      <Filter>Src</Filter>
    </ClCompile>
    <ResourceCompile Include="resources.rc">
      <Filter>Resources</Filter>
    </ResourceCompile>
    <None Include="Noesis.ico">
      <Filter>Resources</Filter>
    </None>
    <CustomBuild Include="..\..\Data\MainWindow.xaml">
      <Filter>Data</Filter>
    </CustomBuild>
    <CustomBuild Include="..\..\Data\App.xaml">
      <Filter>Data</Filter>
    </CustomBuild>
    <CustomBuild Include="..\..\Data\NumericUpDown.xaml">
      <Filter>Data</Filter>
    </CustomBuild>
    <CustomBuild Include="..\..\Data\Aero Matics Regular.ttf">
      <Filter>Data</Filter>
    </CustomBuild>
  </ItemGroup>
</Project>