<?xml version="1.0" encoding="utf-8"?>
<Project ToolsVersion="4.0" xmlns="http://schemas.microsoft.com/developer/msbuild/2003">
  <ItemGroup>
    <Filter Include="Src">
      <UniqueIdentifier>{fa035fc3-451d-418a-acf0-091127b1e5db}</UniqueIdentifier>
    </Filter>
    <Filter Include="Resources">
      <UniqueIdentifier>{537afe1a-857c-4986-ae8f-e64f648cf76e}</UniqueIdentifier>
    </Filter>
    <Filter Include="Data">
      <UniqueIdentifier>{0bd166de-60a9-4f03-92c7-46aba550acf0}</UniqueIdentifier>
    </Filter>
  </ItemGroup>
  <ItemGroup>
    <ClCompile Include="..\..\Src\Main.cpp">
      <Filter>Src</Filter>
    </ClCompile>
    <ClInclude Include="..\..\Src\OVR_CAPI.h">
      <Filter>Src</Filter>
    </ClInclude>
    <ClCompile Include="..\..\Src\OVR_CAPIShim.c">
      <Filter>Src</Filter>
    </ClCompile>
    <ClInclude Include="..\..\Src\OVR_CAPI_D3D.h">
      <Filter>Src</Filter>
    </ClInclude>
    <ClInclude Include="..\..\Src\OVR_CAPI_Keys.h">
      <Filter>Src</Filter>
    </ClInclude>
    <ClInclude Include="..\..\Src\OVR_CAPI_Prototypes.h">
      <Filter>Src</Filter>
    </ClInclude>
    <ClCompile Include="..\..\Src\OVR_CAPI_Util.cpp">
      <Filter>Src</Filter>
    </ClCompile>
    <ClInclude Include="..\..\Src\OVR_CAPI_Util.h">
      <Filter>Src</Filter>
    </ClInclude>
    <ClInclude Include="..\..\Src\OVR_ErrorCode.h">
      <Filter>Src</Filter>
    </ClInclude>
    <ClInclude Include="..\..\Src\OVR_Math.h">
      <Filter>Src</Filter>
    </ClInclude>
    <ClCompile Include="..\..\Src\OVR_StereoProjection.cpp">
      <Filter>Src</Filter>
    </ClCompile>
    <ClInclude Include="..\..\Src\OVR_StereoProjection.h">
      <Filter>Src</Filter>
    </ClInclude>
    <ClInclude Include="..\..\Src\OVR_Version.h">
      <Filter>Src</Filter>
    </ClInclude>
    <ClInclude Include="..\..\Src\Win32_DirectXAppUtil.h">
      <Filter>Src</Filter>
    </ClInclude>
    <ResourceCompile Include="resources.rc">
      <Filter>Resources</Filter>
    </ResourceCompile>
    <None Include="Noesis.ico">
      <Filter>Resources</Filter>
    </None>
    <CustomBuild Include="..\..\Data\MainWindow.xaml">
      <Filter>Data</Filter>
    </CustomBuild>
    <CustomBuild Include="..\..\Data\Fonts\Inconsolata-Bold.ttf">
      <Filter>Data</Filter>
    </CustomBuild>
  </ItemGroup>
</Project>