// !$*UTF8*$!
{
	archiveVersion = 1;
	classes = {
	};
	objectVersion = 46;
	objects = {

/* Begin PBXBuildFile section */
		111111110000000000000000 /* DataCLI.xcodeproj in TODO */ = {isa = PBXBuildFile; fileRef = 111111111111111100000000 /* DataCLI.xcodeproj */; };
		111111110000000000000001 /* freetype.xcodeproj in TODO */ = {isa = PBXBuildFile; fileRef = 111111111111111100000001 /* freetype.xcodeproj */; };
		111111110000000000000002 /* glad.xcodeproj in TODO */ = {isa = PBXBuildFile; fileRef = 111111111111111100000002 /* glad.xcodeproj */; };
		111111110000000000000003 /* glfw.xcodeproj in TODO */ = {isa = PBXBuildFile; fileRef = 111111111111111100000003 /* glfw.xcodeproj */; };
		111111110000000000000004 /* libfswatch.xcodeproj in TODO */ = {isa = PBXBuildFile; fileRef = 111111111111111100000004 /* libfswatch.xcodeproj */; };
		111111110000000000000005 /* libnoise.xcodeproj in TODO */ = {isa = PBXBuildFile; fileRef = 111111111111111100000005 /* libnoise.xcodeproj */; };
		111111110000000000000006 /* libyaml.xcodeproj in TODO */ = {isa = PBXBuildFile; fileRef = 111111111111111100000006 /* libyaml.xcodeproj */; };
		111111110000000000000007 /* lodepng.xcodeproj in TODO */ = {isa = PBXBuildFile; fileRef = 111111111111111100000007 /* lodepng.xcodeproj */; };
		111111110000000000000008 /* noiseutils.xcodeproj in TODO */ = {isa = PBXBuildFile; fileRef = 111111111111111100000008 /* noiseutils.xcodeproj */; };
		111111110000000000000009 /* rhea.xcodeproj in TODO */ = {isa = PBXBuildFile; fileRef = 111111111111111100000009 /* rhea.xcodeproj */; };
		11111111000000000000000A /* sqlite.xcodeproj in TODO */ = {isa = PBXBuildFile; fileRef = 11111111111111110000000A /* sqlite.xcodeproj */; };
		11111111000000000000000B /* zlib.xcodeproj in TODO */ = {isa = PBXBuildFile; fileRef = 11111111111111110000000B /* zlib.xcodeproj */; };
		11111111000000000000000C /* Editor.xcodeproj in TODO */ = {isa = PBXBuildFile; fileRef = 11111111111111110000000C /* Editor.xcodeproj */; };
		11111111000000000000000D /* Engine.xcodeproj in TODO */ = {isa = PBXBuildFile; fileRef = 11111111111111110000000D /* Engine.xcodeproj */; };
		11111111000000000000000E /* RGBBinding.xcodeproj in TODO */ = {isa = PBXBuildFile; fileRef = 11111111111111110000000E /* RGBBinding.xcodeproj */; };
		11111111000000000000000F /* RGBDesignPatterns.xcodeproj in TODO */ = {isa = PBXBuildFile; fileRef = 11111111111111110000000F /* RGBDesignPatterns.xcodeproj */; };
		111111110000000000000010 /* RGBFileSystem.xcodeproj in TODO */ = {isa = PBXBuildFile; fileRef = 111111111111111100000010 /* RGBFileSystem.xcodeproj */; };
		111111110000000000000011 /* RGBLogger.xcodeproj in TODO */ = {isa = PBXBuildFile; fileRef = 111111111111111100000011 /* RGBLogger.xcodeproj */; };
		111111110000000000000012 /* RGBNetworking.xcodeproj in TODO */ = {isa = PBXBuildFile; fileRef = 111111111111111100000012 /* RGBNetworking.xcodeproj */; };
		111111110000000000000013 /* RGBSettings.xcodeproj in TODO */ = {isa = PBXBuildFile; fileRef = 111111111111111100000013 /* RGBSettings.xcodeproj */; };
		111111110000000000000014 /* RGBText.xcodeproj in TODO */ = {isa = PBXBuildFile; fileRef = 111111111111111100000014 /* RGBText.xcodeproj */; };
		111111110000000000000015 /* Shared.xcodeproj in TODO */ = {isa = PBXBuildFile; fileRef = 111111111111111100000015 /* Shared.xcodeproj */; };
		111111110000000000000016 /* Tests.xcodeproj in TODO */ = {isa = PBXBuildFile; fileRef = 111111111111111100000016 /* Tests.xcodeproj */; };
		111111110000000000000017 /* UpdateSolution.xcodeproj in TODO */ = {isa = PBXBuildFile; fileRef = 111111111111111100000017 /* UpdateSolution.xcodeproj */; };
/* End PBXBuildFile section */

/* Begin PBXFileReference section */
		111111111111111100000000 /* DataCLI.xcodeproj */ = {isa = PBXFileReference; lastKnownFileType = wrapper.pb-project; name = DataCLI.xcodeproj; path = /Users/tsteinke/CubeWorld/tmp/XCode/Projects/DataCLI.xcodeproj; sourceTree = "<group>"; };
		111111111111111100000001 /* freetype.xcodeproj */ = {isa = PBXFileReference; lastKnownFileType = wrapper.pb-project; name = freetype.xcodeproj; path = /Users/tsteinke/CubeWorld/tmp/XCode/Projects/Dependencies/freetype.xcodeproj; sourceTree = "<group>"; };
		111111111111111100000002 /* glad.xcodeproj */ = {isa = PBXFileReference; lastKnownFileType = wrapper.pb-project; name = glad.xcodeproj; path = /Users/tsteinke/CubeWorld/tmp/XCode/Projects/Dependencies/glad.xcodeproj; sourceTree = "<group>"; };
		111111111111111100000003 /* glfw.xcodeproj */ = {isa = PBXFileReference; lastKnownFileType = wrapper.pb-project; name = glfw.xcodeproj; path = /Users/tsteinke/CubeWorld/tmp/XCode/Projects/Dependencies/glfw.xcodeproj; sourceTree = "<group>"; };
		111111111111111100000004 /* libfswatch.xcodeproj */ = {isa = PBXFileReference; lastKnownFileType = wrapper.pb-project; name = libfswatch.xcodeproj; path = /Users/tsteinke/CubeWorld/tmp/XCode/Projects/Dependencies/libfswatch.xcodeproj; sourceTree = "<group>"; };
		111111111111111100000005 /* libnoise.xcodeproj */ = {isa = PBXFileReference; lastKnownFileType = wrapper.pb-project; name = libnoise.xcodeproj; path = /Users/tsteinke/CubeWorld/tmp/XCode/Projects/Dependencies/libnoise.xcodeproj; sourceTree = "<group>"; };
		111111111111111100000006 /* libyaml.xcodeproj */ = {isa = PBXFileReference; lastKnownFileType = wrapper.pb-project; name = libyaml.xcodeproj; path = /Users/tsteinke/CubeWorld/tmp/XCode/Projects/Dependencies/libyaml.xcodeproj; sourceTree = "<group>"; };
		111111111111111100000007 /* lodepng.xcodeproj */ = {isa = PBXFileReference; lastKnownFileType = wrapper.pb-project; name = lodepng.xcodeproj; path = /Users/tsteinke/CubeWorld/tmp/XCode/Projects/Dependencies/lodepng.xcodeproj; sourceTree = "<group>"; };
		111111111111111100000008 /* noiseutils.xcodeproj */ = {isa = PBXFileReference; lastKnownFileType = wrapper.pb-project; name = noiseutils.xcodeproj; path = /Users/tsteinke/CubeWorld/tmp/XCode/Projects/Dependencies/noiseutils.xcodeproj; sourceTree = "<group>"; };
		111111111111111100000009 /* rhea.xcodeproj */ = {isa = PBXFileReference; lastKnownFileType = wrapper.pb-project; name = rhea.xcodeproj; path = /Users/tsteinke/CubeWorld/tmp/XCode/Projects/Dependencies/rhea.xcodeproj; sourceTree = "<group>"; };
		11111111111111110000000A /* sqlite.xcodeproj */ = {isa = PBXFileReference; lastKnownFileType = wrapper.pb-project; name = sqlite.xcodeproj; path = /Users/tsteinke/CubeWorld/tmp/XCode/Projects/Dependencies/sqlite.xcodeproj; sourceTree = "<group>"; };
		11111111111111110000000B /* zlib.xcodeproj */ = {isa = PBXFileReference; lastKnownFileType = wrapper.pb-project; name = zlib.xcodeproj; path = /Users/tsteinke/CubeWorld/tmp/XCode/Projects/Dependencies/zlib.xcodeproj; sourceTree = "<group>"; };
		11111111111111110000000C /* Editor.xcodeproj */ = {isa = PBXFileReference; lastKnownFileType = wrapper.pb-project; name = Editor.xcodeproj; path = /Users/tsteinke/CubeWorld/tmp/XCode/Projects/Editor.xcodeproj; sourceTree = "<group>"; };
		11111111111111110000000D /* Engine.xcodeproj */ = {isa = PBXFileReference; lastKnownFileType = wrapper.pb-project; name = Engine.xcodeproj; path = /Users/tsteinke/CubeWorld/tmp/XCode/Projects/Engine.xcodeproj; sourceTree = "<group>"; };
		11111111111111110000000E /* RGBBinding.xcodeproj */ = {isa = PBXFileReference; lastKnownFileType = wrapper.pb-project; name = RGBBinding.xcodeproj; path = /Users/tsteinke/CubeWorld/tmp/XCode/Projects/Library/RGBBinding.xcodeproj; sourceTree = "<group>"; };
		11111111111111110000000F /* RGBDesignPatterns.xcodeproj */ = {isa = PBXFileReference; lastKnownFileType = wrapper.pb-project; name = RGBDesignPatterns.xcodeproj; path = /Users/tsteinke/CubeWorld/tmp/XCode/Projects/Library/RGBDesignPatterns.xcodeproj; sourceTree = "<group>"; };
		111111111111111100000010 /* RGBFileSystem.xcodeproj */ = {isa = PBXFileReference; lastKnownFileType = wrapper.pb-project; name = RGBFileSystem.xcodeproj; path = /Users/tsteinke/CubeWorld/tmp/XCode/Projects/Library/RGBFileSystem.xcodeproj; sourceTree = "<group>"; };
		111111111111111100000011 /* RGBLogger.xcodeproj */ = {isa = PBXFileReference; lastKnownFileType = wrapper.pb-project; name = RGBLogger.xcodeproj; path = /Users/tsteinke/CubeWorld/tmp/XCode/Projects/Library/RGBLogger.xcodeproj; sourceTree = "<group>"; };
		111111111111111100000012 /* RGBNetworking.xcodeproj */ = {isa = PBXFileReference; lastKnownFileType = wrapper.pb-project; name = RGBNetworking.xcodeproj; path = /Users/tsteinke/CubeWorld/tmp/XCode/Projects/Library/RGBNetworking.xcodeproj; sourceTree = "<group>"; };
		111111111111111100000013 /* RGBSettings.xcodeproj */ = {isa = PBXFileReference; lastKnownFileType = wrapper.pb-project; name = RGBSettings.xcodeproj; path = /Users/tsteinke/CubeWorld/tmp/XCode/Projects/Library/RGBSettings.xcodeproj; sourceTree = "<group>"; };
		111111111111111100000014 /* RGBText.xcodeproj */ = {isa = PBXFileReference; lastKnownFileType = wrapper.pb-project; name = RGBText.xcodeproj; path = /Users/tsteinke/CubeWorld/tmp/XCode/Projects/Library/RGBText.xcodeproj; sourceTree = "<group>"; };
		111111111111111100000015 /* Shared.xcodeproj */ = {isa = PBXFileReference; lastKnownFileType = wrapper.pb-project; name = Shared.xcodeproj; path = /Users/tsteinke/CubeWorld/tmp/XCode/Projects/Shared.xcodeproj; sourceTree = "<group>"; };
		111111111111111100000016 /* Tests.xcodeproj */ = {isa = PBXFileReference; lastKnownFileType = wrapper.pb-project; name = Tests.xcodeproj; path = /Users/tsteinke/CubeWorld/tmp/XCode/Projects/Tests.xcodeproj; sourceTree = "<group>"; };
		111111111111111100000017 /* UpdateSolution.xcodeproj */ = {isa = PBXFileReference; lastKnownFileType = wrapper.pb-project; name = UpdateSolution.xcodeproj; path = /Users/tsteinke/CubeWorld/tmp/XCode/Projects/UpdateSolution.xcodeproj; sourceTree = "<group>"; };
/* End PBXFileReference section */

/* Begin PBXGroup section */
		222222222222222200000000 /*  */ = {
			isa = PBXGroup;
			children = (
				11111111111111110000000C /* Editor.xcodeproj */,
				11111111111111110000000D /* Engine.xcodeproj */,
				111111111111111100000015 /* Shared.xcodeproj */,
				111111111111111100000000 /* DataCLI.xcodeproj */,
				111111111111111100000016 /* Tests.xcodeproj */,
				111111111111111100000017 /* UpdateSolution.xcodeproj */,
				222222222222222200000001 /* Dependencies */,
				222222222222222200000002 /* Library */,
			);
			sourceTree = "<group>";
		};
		222222222222222200000001 /* Dependencies */ = {
			isa = PBXGroup;
			children = (
				111111111111111100000001 /* freetype.xcodeproj */,
				111111111111111100000002 /* glad.xcodeproj */,
				111111111111111100000003 /* glfw.xcodeproj */,
				111111111111111100000004 /* libfswatch.xcodeproj */,
				111111111111111100000005 /* libnoise.xcodeproj */,
				111111111111111100000006 /* libyaml.xcodeproj */,
				111111111111111100000007 /* lodepng.xcodeproj */,
				111111111111111100000008 /* noiseutils.xcodeproj */,
				111111111111111100000009 /* rhea.xcodeproj */,
				11111111111111110000000A /* sqlite.xcodeproj */,
				11111111111111110000000B /* zlib.xcodeproj */,
			);
			name = Dependencies;
			sourceTree = "<group>";
		};
		222222222222222200000002 /* Library */ = {
			isa = PBXGroup;
			children = (
				11111111111111110000000E /* RGBBinding.xcodeproj */,
				11111111111111110000000F /* RGBDesignPatterns.xcodeproj */,
				111111111111111100000010 /* RGBFileSystem.xcodeproj */,
				111111111111111100000011 /* RGBLogger.xcodeproj */,
				111111111111111100000012 /* RGBNetworking.xcodeproj */,
				111111111111111100000013 /* RGBSettings.xcodeproj */,
				111111111111111100000014 /* RGBText.xcodeproj */,
			);
			name = Library;
			sourceTree = "<group>";
		};
/* End PBXGroup section */

/* Begin PBXLegacyTarget section */
		333333333333333300000000 /* CubeWorld */ = {
			isa = PBXLegacyTarget;
			buildArgumentsString = "-ide $(FASTBUILD_TARGET)";
			buildConfigurationList = 555555555555555500000001 /* Build configuration list for PBXLegacyTarget "CubeWorld" */;
			buildPhases = (
			);
			buildToolPath = "./FBuild";
			buildWorkingDirectory = "../..";
			dependencies = (
			);
			name = CubeWorld;
			passBuildSettingsInEnvironment = 1;
			productName = CubeWorld;
		};
/* End PBXLegacyTarget section */

/* Begin PBXNativeTarget section */
		333333330000000000000000 /* CubeWorld-doc */ = {
			isa = PBXNativeTarget;
			buildConfigurationList = 555555555555555500000002 /* Build configuration list for PBXNativeTarget "CubeWorld-doc" */;
			buildPhases = (
				777777777777777700000000 /* Sources */,
			);
			buildRules = (
			);
			dependencies = (
			);
			name = "CubeWorld-doc";
			productName = "CubeWorld-doc";
			productType = "com.apple.product-type.tool";
		};
/* End PBXNativeTarget section */

/* Begin PBXProject section */
		444444444444444400000000 /* Project object */ = {
			isa = PBXProject;
			attributes = {
				LastUpgradeCheck = 0630;
				ORGANIZATIONNAME = "Organization";
				TargetAttributes = {
					333333333333333300000000 = {
						CreatedOnToolsVersion = 6.3.2;
					};
					333333330000000000000000 = {
						CreatedOnToolsVersion = 6.3.2;
					};
				};
			};
			buildConfigurationList = 555555555555555500000000 /* Build configuration list for PBXProject "CubeWorld" */;
			compatibilityVersion = "Xcode 3.2";
			developmentRegion = English;
			hasScannedForEncodings = 0;
			knownRegions = (
				en,
			);
			mainGroup = 222222222222222200000000;
			projectDirPath = "";
			projectRoot = "";
			targets = (
				333333333333333300000000 /* CubeWorld */,
				333333330000000000000000 /* CubeWorld-doc */,
			);
		};
/* End PBXProject section */

/* Begin PBXSourcesBuildPhase section */
		777777777777777700000000 /* Sources */ = {
			isa = PBXSourcesBuildPhase;
			files = (
				111111110000000000000000 /* DataCLI.xcodeproj in TODO */,
				111111110000000000000001 /* freetype.xcodeproj in TODO */,
				111111110000000000000002 /* glad.xcodeproj in TODO */,
				111111110000000000000003 /* glfw.xcodeproj in TODO */,
				111111110000000000000004 /* libfswatch.xcodeproj in TODO */,
				111111110000000000000005 /* libnoise.xcodeproj in TODO */,
				111111110000000000000006 /* libyaml.xcodeproj in TODO */,
				111111110000000000000007 /* lodepng.xcodeproj in TODO */,
				111111110000000000000008 /* noiseutils.xcodeproj in TODO */,
				111111110000000000000009 /* rhea.xcodeproj in TODO */,
				11111111000000000000000a /* sqlite.xcodeproj in TODO */,
				11111111000000000000000b /* zlib.xcodeproj in TODO */,
				11111111000000000000000c /* Editor.xcodeproj in TODO */,
				11111111000000000000000d /* Engine.xcodeproj in TODO */,
				11111111000000000000000e /* RGBBinding.xcodeproj in TODO */,
				11111111000000000000000f /* RGBDesignPatterns.xcodeproj in TODO */,
				111111110000000000000010 /* RGBFileSystem.xcodeproj in TODO */,
				111111110000000000000011 /* RGBLogger.xcodeproj in TODO */,
				111111110000000000000012 /* RGBNetworking.xcodeproj in TODO */,
				111111110000000000000013 /* RGBSettings.xcodeproj in TODO */,
				111111110000000000000014 /* RGBText.xcodeproj in TODO */,
				111111110000000000000015 /* Shared.xcodeproj in TODO */,
				111111110000000000000016 /* Tests.xcodeproj in TODO */,
				111111110000000000000017 /* UpdateSolution.xcodeproj in TODO */,
			);
			runOnlyForDeploymentPostprocessing = 0;
		};
/* End PBXSourcesBuildPhase section */

/* Begin XCBuildConfiguration section */
		666666666666666600000000 /* Debug */ = {
			isa = XCBuildConfiguration;
			buildSettings = {
				DEBUG_WORKING_DIR = "/Users/ffulin/p4/Code/";
				FASTBUILD_TARGET = "All-OSX-Debug";
			};
			name = Debug;
		};
		666666666666666600000001 /* Release */ = {
			isa = XCBuildConfiguration;
			buildSettings = {
				DEBUG_WORKING_DIR = "/Users/ffulin/p4/Code/";
				FASTBUILD_TARGET = "All-OSX-Release";
			};
			name = Release;
		};
		666666666666666600000064 /* Debug */ = {
			isa = XCBuildConfiguration;
			buildSettings = {
				OTHER_CFLAGS = "";
				OTHER_LDFLAGS = "";
				PRODUCT_NAME = "$(TARGET_NAME)";
			};
			name = Debug;
		};
		666666666666666600000065 /* Release */ = {
			isa = XCBuildConfiguration;
			buildSettings = {
				OTHER_CFLAGS = "";
				OTHER_LDFLAGS = "";
				PRODUCT_NAME = "$(TARGET_NAME)";
			};
			name = Release;
		};
		6666666666666666000000C8 /* Debug */ = {
			isa = XCBuildConfiguration;
			buildSettings = {
				CLANG_CXX_LANGUAGE_STANDARD = "gnu++0x";
				GCC_PREPROCESSOR_DEFINITIONS = (
					"__OSX__",
					"__APPLE__",
					"DEBUG",
					"PROFILING_ENABLED",
					"ZLIB_DEBUG",
					"_SILENCE_CXX17_CODECVT_HEADER_DEPRECATION_WARNING",
					"_SILENCE_CXX17_ITERATOR_BASE_CLASS_DEPRECATION_WARNING",
					"_CRT_SECURE_NO_WARNINGS",
					"NOMINMAX",
					"YAML_DECLARE_STATIC",
					"CUBEWORLD_PLATFORM_MACOSX",
					"FT2_BUILD_LIBRARY",
					"FT_CONFIG_OPTION_SYSTEM_ZLIB",
				);
				USER_HEADER_SEARCH_PATHS = (
					"/Users/tsteinke/CubeWorld/",
					"/Users/tsteinke/CubeWorld/source/Library",
					"/Users/tsteinke/CubeWorld/dependencies/freetype/2.9.1/include",
				);
				PRODUCT_NAME = "$(TARGET_NAME)";
			};
			name = Debug;
		};
		6666666666666666000000C9 /* Release */ = {
			isa = XCBuildConfiguration;
			buildSettings = {
				CLANG_CXX_LANGUAGE_STANDARD = "gnu++0x";
				GCC_PREPROCESSOR_DEFINITIONS = (
					"__OSX__",
					"__APPLE__",
					"RELEASE",
					"_SILENCE_CXX17_CODECVT_HEADER_DEPRECATION_WARNING",
					"_SILENCE_CXX17_ITERATOR_BASE_CLASS_DEPRECATION_WARNING",
					"_CRT_SECURE_NO_WARNINGS",
					"NOMINMAX",
					"YAML_DECLARE_STATIC",
					"CUBEWORLD_PLATFORM_MACOSX",
					"FT2_BUILD_LIBRARY",
					"FT_CONFIG_OPTION_SYSTEM_ZLIB",
				);
				USER_HEADER_SEARCH_PATHS = (
					"/Users/tsteinke/CubeWorld/",
					"/Users/tsteinke/CubeWorld/source/Library",
					"/Users/tsteinke/CubeWorld/dependencies/freetype/2.9.1/include",
				);
				PRODUCT_NAME = "$(TARGET_NAME)";
			};
			name = Release;
		};
/* End XCBuildConfiguration section */

/* Begin XCConfigurationList section */
		555555555555555500000000 /* Build configuration list for PBXProject "CubeWorld" */ = {
			isa = XCConfigurationList;
			buildConfigurations = (
				666666666666666600000000 /* Debug */,
				666666666666666600000001 /* Release */,
			);
			defaultConfigurationIsVisible = 0;
			defaultConfigurationName = Debug;
		};
		555555555555555500000001 /* Build configuration list for PBXLegacyTarget "CubeWorld" */ = {
			isa = XCConfigurationList;
			buildConfigurations = (
				666666666666666600000064 /* Debug */,
				666666666666666600000065 /* Release */,
			);
			defaultConfigurationIsVisible = 0;
			defaultConfigurationName = Debug;
		};
		555555555555555500000002 /* Build configuration list for PBXNativeTarget "CubeWorld-doc" */ = {
			isa = XCConfigurationList;
			buildConfigurations = (
				6666666666666666000000C8 /* Debug */,
				6666666666666666000000C9 /* Release */,
			);
			defaultConfigurationIsVisible = 0;
		};
/* End XCConfigurationList section */
	};
	rootObject = 444444444444444400000000 /* Project object */;
}
