<?xml version="1.0" encoding="utf-8"?>
<Project ToolsVersion="4.0" xmlns="http://schemas.microsoft.com/developer/msbuild/2003">
  <ItemGroup>
    <Filter Include="Src">
      <UniqueIdentifier>{19ed0a5a-c59b-48bb-9192-d606597584e6}</UniqueIdentifier>
    </Filter>
    <Filter Include="Resources">
      <UniqueIdentifier>{dcb1a4c8-a0c1-4ca6-96a2-b4b01e4047a5}</UniqueIdentifier>
    </Filter>
    <Filter Include="Data">
      <UniqueIdentifier>{1e880267-a391-4c94-87e6-f9323529336a}</UniqueIdentifier>
    </Filter>
  </ItemGroup>
  <ItemGroup>
    <ClCompile Include="..\..\Src\Main.cpp">
      <Filter>Src</Filter>
    </ClCompile>
    <AppxManifest Include="Package.appxmanifest">
      <Filter>Resources</Filter>
    </AppxManifest>
    <Image Include="SplashScreen.scale-200.png">
      <Filter>Resources</Filter>
    </Image>
    <Image Include="Square44x44Logo.scale-200.png">
      <Filter>Resources</Filter>
    </Image>
    <Image Include="Square44x44Logo.targetsize-24.png">
      <Filter>Resources</Filter>
    </Image>
    <Image Include="Square44x44Logo.targetsize-48.png">
      <Filter>Resources</Filter>
    </Image>
    <Image Include="Square44x44Logo.targetsize-256.png">
      <Filter>Resources</Filter>
    </Image>
    <Image Include="Square44x44Logo.targetsize-24_altform-unplated.png">
      <Filter>Resources</Filter>
    </Image>
    <Image Include="Square44x44Logo.targetsize-48_altform-unplated.png">
      <Filter>Resources</Filter>
    </Image>
    <Image Include="Square44x44Logo.targetsize-256_altform-unplated.png">
      <Filter>Resources</Filter>
    </Image>
    <Image Include="Square71x71Logo.scale-200.png">
      <Filter>Resources</Filter>
    </Image>
    <Image Include="Square150x150Logo.scale-200.png">
      <Filter>Resources</Filter>
    </Image>
    <Image Include="Square310x310Logo.scale-200.png">
      <Filter>Resources</Filter>
    </Image>
    <Image Include="StoreLogo.scale-200.png">
      <Filter>Resources</Filter>
    </Image>
    <Image Include="Wide310x150Logo.scale-200.png">
      <Filter>Resources</Filter>
    </Image>
    <CustomBuild Include="..\..\Data\App.xaml">
      <Filter>Data</Filter>
    </CustomBuild>
    <CustomBuild Include="..\..\Data\MainWindow.xaml">
      <Filter>Data</Filter>
    </CustomBuild>
    <CustomBuild Include="..\..\Data\ColorSelector.xaml">
      <Filter>Data</Filter>
    </CustomBuild>
    <CustomBuild Include="..\..\Data\Resources.xaml">
      <Filter>Data</Filter>
    </CustomBuild>
    <CustomBuild Include="..\..\Data\Fonts\WeblySleek_UI_Normal.ttf">
      <Filter>Data</Filter>
    </CustomBuild>
  </ItemGroup>
</Project>