<?xml version="1.0" encoding="utf-8"?>
<Project ToolsVersion="4.0" xmlns="http://schemas.microsoft.com/developer/msbuild/2003">
  <ItemGroup>
    <Filter Include="Src">
      <UniqueIdentifier>{48d2ea42-1d04-4d34-a8bf-b6fd1c8ca0cd}</UniqueIdentifier>
    </Filter>
    <Filter Include="Resources">
      <UniqueIdentifier>{131fa4f7-2533-43b2-9ac3-29c98a0a99d7}</UniqueIdentifier>
    </Filter>
    <Filter Include="Data">
      <UniqueIdentifier>{c0ee6340-956c-4fb6-b78b-42cc13cab132}</UniqueIdentifier>
    </Filter>
  </ItemGroup>
  <ItemGroup>
    <ClCompile Include="..\..\Src\App.xaml.cpp">
      <Filter>Src</Filter>
    </ClCompile>
    <ClInclude Include="..\..\Src\App.xaml.h">
      <Filter>Src</Filter>
    </ClInclude>
    <ClCompile Include="..\..\Src\Main.cpp">
      <Filter>Src</Filter>
    </ClCompile>
    <ClCompile Include="..\..\Src\MainWindow.xaml.cpp">
      <Filter>Src</Filter>
    </ClCompile>
    <ClInclude Include="..\..\Src\MainWindow.xaml.h">
      <Filter>Src</Filter>
    </ClInclude>
    <ClCompile Include="..\..\Src\ViewModel.cpp">
      <Filter>Src</Filter>
    </ClCompile>
    <ClInclude Include="..\..\Src\ViewModel.h">
      <Filter>Src</Filter>
    </ClInclude>
    <ResourceCompile Include="resources.rc">
      <Filter>Resources</Filter>
    </ResourceCompile>
    <None Include="Noesis.ico">
      <Filter>Resources</Filter>
    </None>
    <CustomBuild Include="..\..\Data\App.xaml">
      <Filter>Data</Filter>
    </CustomBuild>
    <CustomBuild Include="..\..\Data\MainWindow.xaml">
      <Filter>Data</Filter>
    </CustomBuild>
    <CustomBuild Include="..\..\Data\Fonts\Cheboyga.ttf">
      <Filter>Data</Filter>
    </CustomBuild>
    <CustomBuild Include="..\..\Data\Fonts\PERRYGOT.TTF">
      <Filter>Data</Filter>
    </CustomBuild>
  </ItemGroup>
</Project>