<?xml version="1.0" encoding="utf-8"?>
<Project ToolsVersion="4.0" xmlns="http://schemas.microsoft.com/developer/msbuild/2003">
  <ItemGroup>
    <Filter Include="Src">
      <UniqueIdentifier>{84d76b05-199f-48bb-a14b-93a5e2fa6dcd}</UniqueIdentifier>
    </Filter>
    <Filter Include="Resources">
      <UniqueIdentifier>{bb74dc43-a6c9-4fc8-be7f-567b2e76dc3c}</UniqueIdentifier>
    </Filter>
    <Filter Include="Data">
      <UniqueIdentifier>{8598aa4d-ac09-4a93-8df5-d370b6c8252c}</UniqueIdentifier>
    </Filter>
  </ItemGroup>
  <ItemGroup>
    <ClCompile Include="..\..\Src\Main.cpp">
      <Filter>Src</Filter>
    </ClCompile>
    <AppxManifest Include="Package.appxmanifest">
      <Filter>Resources</Filter>
    </AppxManifest>
    <Image Include="SplashScreen.scale-200.png">
      <Filter>Resources</Filter>
    </Image>
    <Image Include="Square44x44Logo.scale-200.png">
      <Filter>Resources</Filter>
    </Image>
    <Image Include="Square44x44Logo.targetsize-24.png">
      <Filter>Resources</Filter>
    </Image>
    <Image Include="Square44x44Logo.targetsize-48.png">
      <Filter>Resources</Filter>
    </Image>
    <Image Include="Square44x44Logo.targetsize-256.png">
      <Filter>Resources</Filter>
    </Image>
    <Image Include="Square44x44Logo.targetsize-24_altform-unplated.png">
      <Filter>Resources</Filter>
    </Image>
    <Image Include="Square44x44Logo.targetsize-48_altform-unplated.png">
      <Filter>Resources</Filter>
    </Image>
    <Image Include="Square44x44Logo.targetsize-256_altform-unplated.png">
      <Filter>Resources</Filter>
    </Image>
    <Image Include="Square71x71Logo.scale-200.png">
      <Filter>Resources</Filter>
    </Image>
    <Image Include="Square150x150Logo.scale-200.png">
      <Filter>Resources</Filter>
    </Image>
    <Image Include="Square310x310Logo.scale-200.png">
      <Filter>Resources</Filter>
    </Image>
    <Image Include="StoreLogo.scale-200.png">
      <Filter>Resources</Filter>
    </Image>
    <Image Include="Wide310x150Logo.scale-200.png">
      <Filter>Resources</Filter>
    </Image>
    <CustomBuild Include="..\..\Data\MainWindow.xaml">
      <Filter>Data</Filter>
    </CustomBuild>
    <CustomBuild Include="..\..\Data\App.xaml">
      <Filter>Data</Filter>
    </CustomBuild>
    <CustomBuild Include="..\..\Data\Aero Matics Regular.ttf">
      <Filter>Data</Filter>
    </CustomBuild>
  </ItemGroup>
</Project>