<?xml version="1.0" encoding="utf-8"?>
<Project ToolsVersion="4.0" xmlns="http://schemas.microsoft.com/developer/msbuild/2003">
  <ItemGroup>
    <Filter Include="Src">
      <UniqueIdentifier>{ac462739-2917-434a-9554-031d7673f82b}</UniqueIdentifier>
    </Filter>
    <Filter Include="Resources">
      <UniqueIdentifier>{1134d7cd-f2aa-43ed-bba8-6cb902cab2f6}</UniqueIdentifier>
    </Filter>
    <Filter Include="Data">
      <UniqueIdentifier>{b12dbf41-cc81-48dd-a6e3-5ef36a434109}</UniqueIdentifier>
    </Filter>
  </ItemGroup>
  <ItemGroup>
    <ClCompile Include="..\..\Src\App.xaml.cpp">
      <Filter>Src</Filter>
    </ClCompile>
    <ClInclude Include="..\..\Src\App.xaml.h">
      <Filter>Src</Filter>
    </ClInclude>
    <ClCompile Include="..\..\Src\Main.cpp">
      <Filter>Src</Filter>
    </ClCompile>
    <ClCompile Include="..\..\Src\MainWindow.xaml.cpp">
      <Filter>Src</Filter>
    </ClCompile>
    <ClInclude Include="..\..\Src\MainWindow.xaml.h">
      <Filter>Src</Filter>
    </ClInclude>
    <ResourceCompile Include="resources.rc">
      <Filter>Resources</Filter>
    </ResourceCompile>
    <None Include="Noesis.ico">
      <Filter>Resources</Filter>
    </None>
    <CustomBuild Include="..\..\Src\App.xaml">
      <Filter>Data</Filter>
    </CustomBuild>
    <CustomBuild Include="..\..\Src\MainWindow.xaml">
      <Filter>Data</Filter>
    </CustomBuild>
  </ItemGroup>
</Project>