<?xml version="1.0" encoding="utf-8"?>
<Project ToolsVersion="4.0" xmlns="http://schemas.microsoft.com/developer/msbuild/2003">
  <ItemGroup>
    <Filter Include="Src">
      <UniqueIdentifier>{87011c72-1a96-453e-ba25-19e2e47b1757}</UniqueIdentifier>
    </Filter>
    <Filter Include="Resources">
      <UniqueIdentifier>{363b3d67-0ee9-424b-81f6-58834bc0080c}</UniqueIdentifier>
    </Filter>
    <Filter Include="Data">
      <UniqueIdentifier>{a112f44e-e8ff-4819-ac45-5ac18a0f5d3a}</UniqueIdentifier>
    </Filter>
  </ItemGroup>
  <ItemGroup>
    <ClCompile Include="..\..\Src\App.xaml.cpp">
      <Filter>Src</Filter>
    </ClCompile>
    <ClInclude Include="..\..\Src\App.xaml.h">
      <Filter>Src</Filter>
    </ClInclude>
    <ClCompile Include="..\..\Src\Main.cpp">
      <Filter>Src</Filter>
    </ClCompile>
    <ClCompile Include="..\..\Src\MainWindow.xaml.cpp">
      <Filter>Src</Filter>
    </ClCompile>
    <ClInclude Include="..\..\Src\MainWindow.xaml.h">
      <Filter>Src</Filter>
    </ClInclude>
    <ResourceCompile Include="resources.rc">
      <Filter>Resources</Filter>
    </ResourceCompile>
    <None Include="Noesis.ico">
      <Filter>Resources</Filter>
    </None>
    <CustomBuild Include="..\..\Src\App.xaml">
      <Filter>Data</Filter>
    </CustomBuild>
    <CustomBuild Include="..\..\Src\MainWindow.xaml">
      <Filter>Data</Filter>
    </CustomBuild>
  </ItemGroup>
</Project>