<?xml version="1.0" encoding="utf-8"?>
<Project ToolsVersion="4.0" xmlns="http://schemas.microsoft.com/developer/msbuild/2003">
  <ItemGroup>
    <Filter Include="Src">
      <UniqueIdentifier>{7d68412e-2a50-49b4-b125-96deab62677c}</UniqueIdentifier>
    </Filter>
    <Filter Include="Resources">
      <UniqueIdentifier>{9aec2182-2a64-412d-a2e9-f9e00dd97629}</UniqueIdentifier>
    </Filter>
    <Filter Include="Data">
      <UniqueIdentifier>{17629e11-b059-421c-aad9-2b80654066e0}</UniqueIdentifier>
    </Filter>
  </ItemGroup>
  <ItemGroup>
    <ClCompile Include="..\..\Src\Main.cpp">
      <Filter>Src</Filter>
    </ClCompile>
    <AppxManifest Include="Package.appxmanifest">
      <Filter>Resources</Filter>
    </AppxManifest>
    <Image Include="SplashScreen.scale-200.png">
      <Filter>Resources</Filter>
    </Image>
    <Image Include="Square44x44Logo.scale-200.png">
      <Filter>Resources</Filter>
    </Image>
    <Image Include="Square44x44Logo.targetsize-24.png">
      <Filter>Resources</Filter>
    </Image>
    <Image Include="Square44x44Logo.targetsize-48.png">
      <Filter>Resources</Filter>
    </Image>
    <Image Include="Square44x44Logo.targetsize-256.png">
      <Filter>Resources</Filter>
    </Image>
    <Image Include="Square44x44Logo.targetsize-24_altform-unplated.png">
      <Filter>Resources</Filter>
    </Image>
    <Image Include="Square44x44Logo.targetsize-48_altform-unplated.png">
      <Filter>Resources</Filter>
    </Image>
    <Image Include="Square44x44Logo.targetsize-256_altform-unplated.png">
      <Filter>Resources</Filter>
    </Image>
    <Image Include="Square71x71Logo.scale-200.png">
      <Filter>Resources</Filter>
    </Image>
    <Image Include="Square150x150Logo.scale-200.png">
      <Filter>Resources</Filter>
    </Image>
    <Image Include="Square310x310Logo.scale-200.png">
      <Filter>Resources</Filter>
    </Image>
    <Image Include="StoreLogo.scale-200.png">
      <Filter>Resources</Filter>
    </Image>
    <Image Include="Wide310x150Logo.scale-200.png">
      <Filter>Resources</Filter>
    </Image>
    <CustomBuild Include="..\..\Data\App.xaml">
      <Filter>Data</Filter>
    </CustomBuild>
    <CustomBuild Include="..\..\Data\MainWindow.xaml">
      <Filter>Data</Filter>
    </CustomBuild>
  </ItemGroup>
</Project>